
Microsoft Visual Studio Solution File, Format Version 12.00
# Visual Studio Version 17
VisualStudioVersion = 17.2.32526.322
MinimumVisualStudioVersion = 10.0.40219.1
Project("{FAE04EC0-301F-11D3-BF4B-00C04F79EFBC}") = "HomeWork2", "HomeWork2\HomeWork2.csproj", "{FC9AD214-BF2A-4649-90F2-C360A0856F05}"
EndProject
Global
	GlobalSection(SolutionConfigurationPlatforms) = preSolution
		Debug|Any CPU = Debug|Any CPU
		Release|Any CPU = Release|Any CPU
	EndGlobalSection
	GlobalSection(ProjectConfigurationPlatforms) = postSolution
		{FC9AD214-BF2A-4649-90F2-C360A0856F05}.Debug|Any CPU.ActiveCfg = Debug|Any CPU
		{FC9AD214-BF2A-4649-90F2-C360A0856F05}.Debug|Any CPU.Build.0 = Debug|Any CPU
		{FC9AD214-BF2A-4649-90F2-C360A0856F05}.Release|Any CPU.ActiveCfg = Release|Any CPU
		{FC9AD214-BF2A-4649-90F2-C360A0856F05}.Release|Any CPU.Build.0 = Release|Any CPU
	EndGlobalSection
	GlobalSection(SolutionProperties) = preSolution
		HideSolutionNode = FALSE
	EndGlobalSection
	GlobalSection(ExtensibilityGlobals) = postSolution
		SolutionGuid = {F61A9973-1744-4B49-8563-43842385F529}
	EndGlobalSection
EndGlobal
